
Microsoft Visual Studio Solution File, Format Version 12.00
# Visual Studio Version 17
VisualStudioVersion = 17.5.33414.496
MinimumVisualStudioVersion = 10.0.40219.1
Project("{FAE04EC0-301F-11D3-BF4B-00C04F79EFBC}") = "Disaheimderudaf", "Disaheimderudaf\Disaheimderudaf.csproj", "{048211D5-FEE8-448B-A7F4-CCC5792D9E1A}"
EndProject
Project("{FAE04EC0-301F-11D3-BF4B-00C04F79EFBC}") = "Disaheimtest", "Disaheimtest\Disaheimtest.csproj", "{402A5585-70E3-495A-951C-1F17F77D5627}"
EndProject
Global
	GlobalSection(SolutionConfigurationPlatforms) = preSolution
		Debug|Any CPU = Debug|Any CPU
		Release|Any CPU = Release|Any CPU
	EndGlobalSection
	GlobalSection(ProjectConfigurationPlatforms) = postSolution
		{048211D5-FEE8-448B-A7F4-CCC5792D9E1A}.Debug|Any CPU.ActiveCfg = Debug|Any CPU
		{048211D5-FEE8-448B-A7F4-CCC5792D9E1A}.Debug|Any CPU.Build.0 = Debug|Any CPU
		{048211D5-FEE8-448B-A7F4-CCC5792D9E1A}.Release|Any CPU.ActiveCfg = Release|Any CPU
		{048211D5-FEE8-448B-A7F4-CCC5792D9E1A}.Release|Any CPU.Build.0 = Release|Any CPU
		{402A5585-70E3-495A-951C-1F17F77D5627}.Debug|Any CPU.ActiveCfg = Debug|Any CPU
		{402A5585-70E3-495A-951C-1F17F77D5627}.Debug|Any CPU.Build.0 = Debug|Any CPU
		{402A5585-70E3-495A-951C-1F17F77D5627}.Release|Any CPU.ActiveCfg = Release|Any CPU
		{402A5585-70E3-495A-951C-1F17F77D5627}.Release|Any CPU.Build.0 = Release|Any CPU
	EndGlobalSection
	GlobalSection(SolutionProperties) = preSolution
		HideSolutionNode = FALSE
	EndGlobalSection
	GlobalSection(ExtensibilityGlobals) = postSolution
		SolutionGuid = {71E6A44A-AAA3-4F4E-B089-528C39656025}
	EndGlobalSection
EndGlobal
